
Microsoft Visual Studio Solution File, Format Version 12.00
# Visual Studio Version 17
VisualStudioVersion = 17.11.35222.181
MinimumVisualStudioVersion = 10.0.40219.1
Project("{9A19103F-16F7-4668-BE54-9A1E7A4F7556}") = "hahaha", "hahaha.csproj", "{40B15E59-7C67-4313-A2FA-65CE43E9A86B}"
EndProject
Global
	GlobalSection(SolutionConfigurationPlatforms) = preSolution
		Debug|Any CPU = Debug|Any CPU
		Release|Any CPU = Release|Any CPU
	EndGlobalSection
	GlobalSection(ProjectConfigurationPlatforms) = postSolution
		{40B15E59-7C67-4313-A2FA-65CE43E9A86B}.Debug|Any CPU.ActiveCfg = Debug|Any CPU
		{40B15E59-7C67-4313-A2FA-65CE43E9A86B}.Debug|Any CPU.Build.0 = Debug|Any CPU
		{40B15E59-7C67-4313-A2FA-65CE43E9A86B}.Release|Any CPU.ActiveCfg = Release|Any CPU
		{40B15E59-7C67-4313-A2FA-65CE43E9A86B}.Release|Any CPU.Build.0 = Release|Any CPU
	EndGlobalSection
	GlobalSection(SolutionProperties) = preSolution
		HideSolutionNode = FALSE
	EndGlobalSection
	GlobalSection(ExtensibilityGlobals) = postSolution
		SolutionGuid = {C7DF39B6-55ED-47F5-B473-64203B3B4A32}
	EndGlobalSection
EndGlobal
